PODS:
  - Alamofire (4.5.0)
  - Realm (3.0.0-beta.3):
    - Realm/Headers (= 3.0.0-beta.3)
  - Realm/Headers (3.0.0-beta.3)
  - RealmSwift (3.0.0-beta.3):
    - Realm (= 3.0.0-beta.3)

DEPENDENCIES:
  - Alamofire (~> 4.5)
  - RealmSwift (= 3.0.0-beta.3)

SPEC CHECKSUMS:
  Alamofire: f28cdffd29de33a7bfa022cbd63ae95a27fae140
  Realm: 33bd2ac5a5d7649920b131d2e79e2d5c8421da47
  RealmSwift: a5fb1853c3167912fc5325fe264a410bfe3e2cbc

PODFILE CHECKSUM: a8a8f5fff57caa32ef07c78acf32cd8f42a47330

COCOAPODS: 1.3.1
